
Microsoft Visual Studio Solution File, Format Version 12.00
# Visual Studio Version 17
VisualStudioVersion = 17.8.34330.188
MinimumVisualStudioVersion = 10.0.40219.1
Project("{888888A0-9F3D-457C-B088-3A5042F75D52}") = "Moiveguidepart 2 5-7-2024", "Moiveguidepart 2 5-7-2024.pyproj", "{A6E2273A-4977-4B79-8C43-F2DB0F3BF05B}"
EndProject
Global
	GlobalSection(SolutionConfigurationPlatforms) = preSolution
		Debug|Any CPU = Debug|Any CPU
		Release|Any CPU = Release|Any CPU
	EndGlobalSection
	GlobalSection(ProjectConfigurationPlatforms) = postSolution
		{A6E2273A-4977-4B79-8C43-F2DB0F3BF05B}.Debug|Any CPU.ActiveCfg = Debug|Any CPU
		{A6E2273A-4977-4B79-8C43-F2DB0F3BF05B}.Release|Any CPU.ActiveCfg = Release|Any CPU
	EndGlobalSection
	GlobalSection(SolutionProperties) = preSolution
		HideSolutionNode = FALSE
	EndGlobalSection
	GlobalSection(ExtensibilityGlobals) = postSolution
		SolutionGuid = {63FCABD0-E028-4063-89F6-6D06922BAFE2}
	EndGlobalSection
EndGlobal
